
Microsoft Visual Studio Solution File, Format Version 12.00
# Visual Studio Version 17
VisualStudioVersion = 17.9.34714.143
MinimumVisualStudioVersion = 10.0.40219.1
Project("{9A19103F-16F7-4668-BE54-9A1E7A4F7556}") = "TractorSupporter", "TractorSupporter\TractorSupporter.csproj", "{49757908-4B43-4513-A49B-8C50A2D8E0FD}"
EndProject
Project("{FAE04EC0-301F-11D3-BF4B-00C04F79EFBC}") = "TractorSupporter.Tests", "TractorSupporter.Tests\TractorSupporter.Tests.csproj", "{7AF802C5-5BD3-45F8-AA50-B64FA0F3997D}"
EndProject
Global
	GlobalSection(SolutionConfigurationPlatforms) = preSolution
		Debug|Any CPU = Debug|Any CPU
		Release|Any CPU = Release|Any CPU
	EndGlobalSection
	GlobalSection(ProjectConfigurationPlatforms) = postSolution
		{49757908-4B43-4513-A49B-8C50A2D8E0FD}.Debug|Any CPU.ActiveCfg = Debug|Any CPU
		{49757908-4B43-4513-A49B-8C50A2D8E0FD}.Debug|Any CPU.Build.0 = Debug|Any CPU
		{49757908-4B43-4513-A49B-8C50A2D8E0FD}.Release|Any CPU.ActiveCfg = Release|Any CPU
		{49757908-4B43-4513-A49B-8C50A2D8E0FD}.Release|Any CPU.Build.0 = Release|Any CPU
		{7AF802C5-5BD3-45F8-AA50-B64FA0F3997D}.Debug|Any CPU.ActiveCfg = Debug|Any CPU
		{7AF802C5-5BD3-45F8-AA50-B64FA0F3997D}.Debug|Any CPU.Build.0 = Debug|Any CPU
		{7AF802C5-5BD3-45F8-AA50-B64FA0F3997D}.Release|Any CPU.ActiveCfg = Release|Any CPU
		{7AF802C5-5BD3-45F8-AA50-B64FA0F3997D}.Release|Any CPU.Build.0 = Release|Any CPU
	EndGlobalSection
	GlobalSection(SolutionProperties) = preSolution
		HideSolutionNode = FALSE
	EndGlobalSection
	GlobalSection(ExtensibilityGlobals) = postSolution
		SolutionGuid = {75EC8D1C-C8F6-4BB8-9B62-022DF45D3027}
	EndGlobalSection
EndGlobal
